
Microsoft Visual Studio Solution File, Format Version 12.00
# Visual Studio Version 16
VisualStudioVersion = 16.0.29806.167
MinimumVisualStudioVersion = 10.0.40219.1
Project("{8BC9CEB8-8B4A-11D0-8D11-00A0C91BC942}") = "SmsApps.WxWidgets.Template", "SmsApps.WxWidgets.Template\SmsApps.WxWidgets.Template.vcxproj", "{3B2B9E3A-2B7E-4E6A-99E4-F14401FFF419}"
EndProject
Global
	GlobalSection(SolutionConfigurationPlatforms) = preSolution
		Debug|x64 = Debug|x64
		Debug|x86 = Debug|x86
		Release|x64 = Release|x64
		Release|x86 = Release|x86
	EndGlobalSection
	GlobalSection(ProjectConfigurationPlatforms) = postSolution
		{3B2B9E3A-2B7E-4E6A-99E4-F14401FFF419}.Debug|x64.ActiveCfg = Debug|x64
		{3B2B9E3A-2B7E-4E6A-99E4-F14401FFF419}.Debug|x64.Build.0 = Debug|x64
		{3B2B9E3A-2B7E-4E6A-99E4-F14401FFF419}.Debug|x86.ActiveCfg = Debug|Win32
		{3B2B9E3A-2B7E-4E6A-99E4-F14401FFF419}.Debug|x86.Build.0 = Debug|Win32
		{3B2B9E3A-2B7E-4E6A-99E4-F14401FFF419}.Release|x64.ActiveCfg = Release|x64
		{3B2B9E3A-2B7E-4E6A-99E4-F14401FFF419}.Release|x64.Build.0 = Release|x64
		{3B2B9E3A-2B7E-4E6A-99E4-F14401FFF419}.Release|x86.ActiveCfg = Release|Win32
		{3B2B9E3A-2B7E-4E6A-99E4-F14401FFF419}.Release|x86.Build.0 = Release|Win32
	EndGlobalSection
	GlobalSection(SolutionProperties) = preSolution
		HideSolutionNode = FALSE
	EndGlobalSection
	GlobalSection(ExtensibilityGlobals) = postSolution
		SolutionGuid = {54E85267-D623-445E-923F-B2F661E41FED}
	EndGlobalSection
EndGlobal
